# THIS IS AN AUTOGENERATED FILE. DO NOT EDIT THIS FILE DIRECTLY.
# yarn lockfile v1


asn1@~0.2.0:
  version "0.2.4"
  resolved "https://registry.yarnpkg.com/asn1/-/asn1-0.2.4.tgz#8d2475dfab553bb33e77b54e59e880bb8ce23136"
  integrity sha512-jxwzQpLQjSmWXgwaCZE9Nz+glAG01yF1QnWgbhGwHI5A6FRIEY6IVqtHhIepHqI7/kyEyQEagBC5mBEFlIYvdg==
  dependencies:
    safer-buffer "~2.1.0"

bl@^0.9.4:
  version "0.9.5"
  resolved "https://registry.yarnpkg.com/bl/-/bl-0.9.5.tgz#c06b797af085ea00bc527afc8efcf11de2232054"
  integrity sha1-wGt5evCF6gC8Unr8jvzxHeIjIFQ=
  dependencies:
    readable-stream "~1.0.26"

core-util-is@~1.0.0:
  version "1.0.2"
  resolved "https://registry.yarnpkg.com/core-util-is/-/core-util-is-1.0.2.tgz#b5fd54220aa2bc5ab57aab7140c940754503c1a7"
  integrity sha1-tf1UIgqivFq1eqtxQMlAdUUDwac=

inherits@~2.0.1:
  version "2.0.3"
  resolved "https://registry.yarnpkg.com/inherits/-/inherits-2.0.3.tgz#633c2c83e3da42a502f52466022480f4208261de"
  integrity sha1-Yzwsg+PaQqUC9SRmAiSA9CCCYd4=

isarray@0.0.1:
  version "0.0.1"
  resolved "https://registry.yarnpkg.com/isarray/-/isarray-0.0.1.tgz#8a18acfca9a8f4177e09abfc6038939b05d1eedf"
  integrity sha1-ihis/Kmo9Bd+Cav8YDiTmwXR7t8=

once@^1.3.2:
  version "1.4.0"
  resolved "https://registry.yarnpkg.com/once/-/once-1.4.0.tgz#583b1aa775961d4b113ac17d9c50baef9dd76bd1"
  integrity sha1-WDsap3WWHUsROsF9nFC6753Xa9E=
  dependencies:
    wrappy "1"

readable-stream@~1.0.0, readable-stream@~1.0.26:
  version "1.0.34"
  resolved "https://registry.yarnpkg.com/readable-stream/-/readable-stream-1.0.34.tgz#125820e34bc842d2f2aaafafe4c2916ee32c157c"
  integrity sha1-Elgg40vIQtLyqq+v5MKRbuMsFXw=
  dependencies:
    core-util-is "~1.0.0"
    inherits "~2.0.1"
    isarray "0.0.1"
    string_decoder "~0.10.x"

safer-buffer@~2.1.0:
  version "2.1.2"
  resolved "https://registry.yarnpkg.com/safer-buffer/-/safer-buffer-2.1.2.tgz#44fa161b0187b9549dd84bb91802f9bd8385cd6a"
  integrity sha512-YZo3K82SD7Riyi0E1EQPojLz7kpepnSQI9IyPbHHg1XXXevb5dJI7tpyN2ADxGcQbHG7vcyRHk0cbwqcQriUtg==

sequest@^0.10.0:
  version "0.10.0"
  resolved "https://registry.yarnpkg.com/sequest/-/sequest-0.10.0.tgz#e53f4e2cb70b4e9ee8a19a90201e65e9caf4b855"
  integrity sha512-XeIUwIfJg7ADDPmleIKqib1hjxHIHp0FrPGRlZ1K8OSRwVc6tdY1F9EhSseIRi6C316IG0b1N3lkFnCBdv9Y9w==
  dependencies:
    bl "^0.9.4"
    once "^1.3.2"
    ssh2 "^0.4.8"

ssh2-streams@~0.0.22:
  version "0.0.23"
  resolved "https://registry.yarnpkg.com/ssh2-streams/-/ssh2-streams-0.0.23.tgz#aeef30831bb5fc4af6aa3f6d0a261a413531612b"
  integrity sha1-ru8wgxu1/Er2qj9tCiYaQTUxYSs=
  dependencies:
    asn1 "~0.2.0"
    readable-stream "~1.0.0"
    streamsearch "~0.1.2"

ssh2@^0.4.8:
  version "0.4.15"
  resolved "https://registry.yarnpkg.com/ssh2/-/ssh2-0.4.15.tgz#07c6f4106d9f7b6ea6e4df636c6c53f1f9817ff8"
  integrity sha1-B8b0EG2fe26m5N9jbGxT8fmBf/g=
  dependencies:
    readable-stream "~1.0.0"
    ssh2-streams "~0.0.22"

streamsearch@~0.1.2:
  version "0.1.2"
  resolved "https://registry.yarnpkg.com/streamsearch/-/streamsearch-0.1.2.tgz#808b9d0e56fc273d809ba57338e929919a1a9f1a"
  integrity sha1-gIudDlb8Jz2Am6VzOOkpkZoanxo=

string_decoder@~0.10.x:
  version "0.10.31"
  resolved "https://registry.yarnpkg.com/string_decoder/-/string_decoder-0.10.31.tgz#62e203bc41766c6c28c9fc84301dab1c5310fa94"
  integrity sha1-YuIDvEF2bGwoyfyEMB2rHFMQ+pQ=

wrappy@1:
  version "1.0.2"
  resolved "https://registry.yarnpkg.com/wrappy/-/wrappy-1.0.2.tgz#b5243d8f3ec1aa35f1364605bc0d1036e30ab69f"
  integrity sha1-tSQ9jz7BqjXxNkYFvA0QNuMKtp8=
